
Microsoft Visual Studio Solution File, Format Version 12.00
# Visual Studio Version 17
VisualStudioVersion = 17.7.34003.232
MinimumVisualStudioVersion = 10.0.40219.1
Project("{FAE04EC0-301F-11D3-BF4B-00C04F79EFBC}") = "NLayer.Core", "NLayer.Core\NLayer.Core.csproj", "{FD51FB11-42FE-46BD-891B-AB0FECC116BD}"
EndProject
Project("{FAE04EC0-301F-11D3-BF4B-00C04F79EFBC}") = "NLayer.Repository", "NLayer.Repository\NLayer.Repository.csproj", "{97A5970F-80ED-4429-A39F-3B21A83962B1}"
EndProject
Project("{FAE04EC0-301F-11D3-BF4B-00C04F79EFBC}") = "NLayer.Service", "NLayer.Service\NLayer.Service.csproj", "{D47CA52E-65EF-4E60-955B-1142D321023F}"
EndProject
Project("{FAE04EC0-301F-11D3-BF4B-00C04F79EFBC}") = "NLayer.API", "NLayer.API\NLayer.API.csproj", "{779B2D5C-D056-4185-82E6-7144E51DFA50}"
EndProject
Project("{FAE04EC0-301F-11D3-BF4B-00C04F79EFBC}") = "NLayer.WEB", "NLayer.WEB\NLayer.WEB.csproj", "{C31D1D50-96A3-4034-B686-42C093BEBDFA}"
EndProject
Global
	GlobalSection(SolutionConfigurationPlatforms) = preSolution
		Debug|Any CPU = Debug|Any CPU
		Release|Any CPU = Release|Any CPU
	EndGlobalSection
	GlobalSection(ProjectConfigurationPlatforms) = postSolution
		{FD51FB11-42FE-46BD-891B-AB0FECC116BD}.Debug|Any CPU.ActiveCfg = Debug|Any CPU
		{FD51FB11-42FE-46BD-891B-AB0FECC116BD}.Debug|Any CPU.Build.0 = Debug|Any CPU
		{FD51FB11-42FE-46BD-891B-AB0FECC116BD}.Release|Any CPU.ActiveCfg = Release|Any CPU
		{FD51FB11-42FE-46BD-891B-AB0FECC116BD}.Release|Any CPU.Build.0 = Release|Any CPU
		{97A5970F-80ED-4429-A39F-3B21A83962B1}.Debug|Any CPU.ActiveCfg = Debug|Any CPU
		{97A5970F-80ED-4429-A39F-3B21A83962B1}.Debug|Any CPU.Build.0 = Debug|Any CPU
		{97A5970F-80ED-4429-A39F-3B21A83962B1}.Release|Any CPU.ActiveCfg = Release|Any CPU
		{97A5970F-80ED-4429-A39F-3B21A83962B1}.Release|Any CPU.Build.0 = Release|Any CPU
		{D47CA52E-65EF-4E60-955B-1142D321023F}.Debug|Any CPU.ActiveCfg = Debug|Any CPU
		{D47CA52E-65EF-4E60-955B-1142D321023F}.Debug|Any CPU.Build.0 = Debug|Any CPU
		{D47CA52E-65EF-4E60-955B-1142D321023F}.Release|Any CPU.ActiveCfg = Release|Any CPU
		{D47CA52E-65EF-4E60-955B-1142D321023F}.Release|Any CPU.Build.0 = Release|Any CPU
		{779B2D5C-D056-4185-82E6-7144E51DFA50}.Debug|Any CPU.ActiveCfg = Debug|Any CPU
		{779B2D5C-D056-4185-82E6-7144E51DFA50}.Debug|Any CPU.Build.0 = Debug|Any CPU
		{779B2D5C-D056-4185-82E6-7144E51DFA50}.Release|Any CPU.ActiveCfg = Release|Any CPU
		{779B2D5C-D056-4185-82E6-7144E51DFA50}.Release|Any CPU.Build.0 = Release|Any CPU
		{C31D1D50-96A3-4034-B686-42C093BEBDFA}.Debug|Any CPU.ActiveCfg = Debug|Any CPU
		{C31D1D50-96A3-4034-B686-42C093BEBDFA}.Debug|Any CPU.Build.0 = Debug|Any CPU
		{C31D1D50-96A3-4034-B686-42C093BEBDFA}.Release|Any CPU.ActiveCfg = Release|Any CPU
		{C31D1D50-96A3-4034-B686-42C093BEBDFA}.Release|Any CPU.Build.0 = Release|Any CPU
	EndGlobalSection
	GlobalSection(SolutionProperties) = preSolution
		HideSolutionNode = FALSE
	EndGlobalSection
	GlobalSection(ExtensibilityGlobals) = postSolution
		SolutionGuid = {649A12C3-3785-4481-A0B0-74D9EF5B9307}
	EndGlobalSection
EndGlobal
